
Microsoft Visual Studio Solution File, Format Version 12.00
# Visual Studio 15
VisualStudioVersion = 15.0.28307.421
MinimumVisualStudioVersion = 10.0.40219.1
Project("{FAE04EC0-301F-11D3-BF4B-00C04F79EFBC}") = "Drugs Preventing Administor App", "Drugs Preventing Administor App\Drugs Preventing Administor App.csproj", "{6CCAD208-02AC-49FB-A2F6-157DD7A63B73}"
EndProject
Global
	GlobalSection(SolutionConfigurationPlatforms) = preSolution
		Debug|Any CPU = Debug|Any CPU
		Release|Any CPU = Release|Any CPU
	EndGlobalSection
	GlobalSection(ProjectConfigurationPlatforms) = postSolution
		{6CCAD208-02AC-49FB-A2F6-157DD7A63B73}.Debug|Any CPU.ActiveCfg = Debug|Any CPU
		{6CCAD208-02AC-49FB-A2F6-157DD7A63B73}.Debug|Any CPU.Build.0 = Debug|Any CPU
		{6CCAD208-02AC-49FB-A2F6-157DD7A63B73}.Release|Any CPU.ActiveCfg = Release|Any CPU
		{6CCAD208-02AC-49FB-A2F6-157DD7A63B73}.Release|Any CPU.Build.0 = Release|Any CPU
	EndGlobalSection
	GlobalSection(SolutionProperties) = preSolution
		HideSolutionNode = FALSE
	EndGlobalSection
	GlobalSection(ExtensibilityGlobals) = postSolution
		SolutionGuid = {95550CE7-4C31-4B95-B0AB-AFB8415DF673}
	EndGlobalSection
EndGlobal
