
Microsoft Visual Studio Solution File, Format Version 12.00
# Visual Studio 15
VisualStudioVersion = 15.0.28307.329
MinimumVisualStudioVersion = 10.0.40219.1
Project("{FAE04EC0-301F-11D3-BF4B-00C04F79EFBC}") = "Drug Preventing App", "Starting_Interface\Drug Preventing App.csproj", "{8E1B13C1-BFED-4B3E-9D23-8A97B3BDAA40}"
EndProject
Global
	GlobalSection(SolutionConfigurationPlatforms) = preSolution
		Debug|Any CPU = Debug|Any CPU
		Release|Any CPU = Release|Any CPU
	EndGlobalSection
	GlobalSection(ProjectConfigurationPlatforms) = postSolution
		{8E1B13C1-BFED-4B3E-9D23-8A97B3BDAA40}.Debug|Any CPU.ActiveCfg = Debug|Any CPU
		{8E1B13C1-BFED-4B3E-9D23-8A97B3BDAA40}.Debug|Any CPU.Build.0 = Debug|Any CPU
		{8E1B13C1-BFED-4B3E-9D23-8A97B3BDAA40}.Release|Any CPU.ActiveCfg = Release|Any CPU
		{8E1B13C1-BFED-4B3E-9D23-8A97B3BDAA40}.Release|Any CPU.Build.0 = Release|Any CPU
	EndGlobalSection
	GlobalSection(SolutionProperties) = preSolution
		HideSolutionNode = FALSE
	EndGlobalSection
	GlobalSection(ExtensibilityGlobals) = postSolution
		SolutionGuid = {EE6BA482-1A08-45AF-A9CD-C9C8E8E2009F}
	EndGlobalSection
EndGlobal
