
Microsoft Visual Studio Solution File, Format Version 12.00
# Visual Studio 15
VisualStudioVersion = 15.0.28307.421
MinimumVisualStudioVersion = 10.0.40219.1
Project("{FAE04EC0-301F-11D3-BF4B-00C04F79EFBC}") = "Drugs Preventing App Main Server App", "Drugs Preventing App Main Server App\Drugs Preventing App Main Server App.csproj", "{96D15AC2-3011-4C3F-B7A2-AB56B82784FA}"
EndProject
Global
	GlobalSection(SolutionConfigurationPlatforms) = preSolution
		Debug|Any CPU = Debug|Any CPU
		Release|Any CPU = Release|Any CPU
	EndGlobalSection
	GlobalSection(ProjectConfigurationPlatforms) = postSolution
		{96D15AC2-3011-4C3F-B7A2-AB56B82784FA}.Debug|Any CPU.ActiveCfg = Debug|Any CPU
		{96D15AC2-3011-4C3F-B7A2-AB56B82784FA}.Debug|Any CPU.Build.0 = Debug|Any CPU
		{96D15AC2-3011-4C3F-B7A2-AB56B82784FA}.Release|Any CPU.ActiveCfg = Release|Any CPU
		{96D15AC2-3011-4C3F-B7A2-AB56B82784FA}.Release|Any CPU.Build.0 = Release|Any CPU
	EndGlobalSection
	GlobalSection(SolutionProperties) = preSolution
		HideSolutionNode = FALSE
	EndGlobalSection
	GlobalSection(ExtensibilityGlobals) = postSolution
		SolutionGuid = {59DD4B53-B672-4A6B-B52C-198681D30FC6}
	EndGlobalSection
EndGlobal
